
Microsoft Visual Studio Solution File, Format Version 12.00
# Visual Studio Version 17
VisualStudioVersion = 17.4.33205.214
MinimumVisualStudioVersion = 10.0.40219.1
Project("{FAE04EC0-301F-11D3-BF4B-00C04F79EFBC}") = "herenciaaaaaa", "herenciaaaaaa\herenciaaaaaa.csproj", "{F7B16530-384D-420F-B477-AB88CF33BA14}"
EndProject
Global
	GlobalSection(SolutionConfigurationPlatforms) = preSolution
		Debug|Any CPU = Debug|Any CPU
		Release|Any CPU = Release|Any CPU
	EndGlobalSection
	GlobalSection(ProjectConfigurationPlatforms) = postSolution
		{F7B16530-384D-420F-B477-AB88CF33BA14}.Debug|Any CPU.ActiveCfg = Debug|Any CPU
		{F7B16530-384D-420F-B477-AB88CF33BA14}.Debug|Any CPU.Build.0 = Debug|Any CPU
		{F7B16530-384D-420F-B477-AB88CF33BA14}.Release|Any CPU.ActiveCfg = Release|Any CPU
		{F7B16530-384D-420F-B477-AB88CF33BA14}.Release|Any CPU.Build.0 = Release|Any CPU
	EndGlobalSection
	GlobalSection(SolutionProperties) = preSolution
		HideSolutionNode = FALSE
	EndGlobalSection
	GlobalSection(ExtensibilityGlobals) = postSolution
		SolutionGuid = {C02FD724-6AF3-4021-9FAF-A05B32C20E78}
	EndGlobalSection
EndGlobal
